# This file is automatically @generated by Cargo.
# It is not intended for manual editing.
version = 4

[[package]]
name = "cli-pocket-client-core"
version = "0.0.0"
dependencies = [
 "cli-pocket-crypto",
 "cli-pocket-proto",
 "cli-pocket-transport",
]

[[package]]
name = "cli-pocket-client-core-wasm"
version = "0.0.0"
dependencies = [
 "cli-pocket-client-core",
]

[[package]]
name = "cli-pocket-crypto"
version = "0.0.0"

[[package]]
name = "cli-pocket-daemon"
version = "0.0.0"
dependencies = [
 "cli-pocket-daemon-core",
]

[[package]]
name = "cli-pocket-daemon-core"
version = "0.0.0"
dependencies = [
 "cli-pocket-crypto",
 "cli-pocket-proto",
 "cli-pocket-pty",
 "cli-pocket-transport",
]

[[package]]
name = "cli-pocket-proto"
version = "0.0.0"

[[package]]
name = "cli-pocket-pty"
version = "0.0.0"

[[package]]
name = "cli-pocket-relay"
version = "0.0.0"
dependencies = [
 "cli-pocket-relay-core",
]

[[package]]
name = "cli-pocket-relay-core"
version = "0.0.0"

[[package]]
name = "cli-pocket-transport"
version = "0.0.0"
